
Microsoft Visual Studio Solution File, Format Version 12.00
# Visual Studio Version 17
VisualStudioVersion = 17.5.33424.131
MinimumVisualStudioVersion = 10.0.40219.1
Project("{FAE04EC0-301F-11D3-BF4B-00C04F79EFBC}") = "Day02", "Day02\Day02.csproj", "{C26997C9-5A04-4D31-B3EA-81576F9B00AE}"
EndProject
Global
	GlobalSection(SolutionConfigurationPlatforms) = preSolution
		Debug|Any CPU = Debug|Any CPU
		Release|Any CPU = Release|Any CPU
	EndGlobalSection
	GlobalSection(ProjectConfigurationPlatforms) = postSolution
		{C26997C9-5A04-4D31-B3EA-81576F9B00AE}.Debug|Any CPU.ActiveCfg = Debug|Any CPU
		{C26997C9-5A04-4D31-B3EA-81576F9B00AE}.Debug|Any CPU.Build.0 = Debug|Any CPU
		{C26997C9-5A04-4D31-B3EA-81576F9B00AE}.Release|Any CPU.ActiveCfg = Release|Any CPU
		{C26997C9-5A04-4D31-B3EA-81576F9B00AE}.Release|Any CPU.Build.0 = Release|Any CPU
	EndGlobalSection
	GlobalSection(SolutionProperties) = preSolution
		HideSolutionNode = FALSE
	EndGlobalSection
	GlobalSection(ExtensibilityGlobals) = postSolution
		SolutionGuid = {65105C30-EFED-484F-9A64-A855354C5859}
	EndGlobalSection
EndGlobal
