
Microsoft Visual Studio Solution File, Format Version 12.00
# Visual Studio Version 17
VisualStudioVersion = 17.5.33424.131
MinimumVisualStudioVersion = 10.0.40219.1
Project("{FAE04EC0-301F-11D3-BF4B-00C04F79EFBC}") = "Day01", "Day01\Day01.csproj", "{8E9B3C13-20DD-48CD-9D3F-F3D89677A3BD}"
EndProject
Global
	GlobalSection(SolutionConfigurationPlatforms) = preSolution
		Debug|Any CPU = Debug|Any CPU
		Release|Any CPU = Release|Any CPU
	EndGlobalSection
	GlobalSection(ProjectConfigurationPlatforms) = postSolution
		{8E9B3C13-20DD-48CD-9D3F-F3D89677A3BD}.Debug|Any CPU.ActiveCfg = Debug|Any CPU
		{8E9B3C13-20DD-48CD-9D3F-F3D89677A3BD}.Debug|Any CPU.Build.0 = Debug|Any CPU
		{8E9B3C13-20DD-48CD-9D3F-F3D89677A3BD}.Release|Any CPU.ActiveCfg = Release|Any CPU
		{8E9B3C13-20DD-48CD-9D3F-F3D89677A3BD}.Release|Any CPU.Build.0 = Release|Any CPU
	EndGlobalSection
	GlobalSection(SolutionProperties) = preSolution
		HideSolutionNode = FALSE
	EndGlobalSection
	GlobalSection(ExtensibilityGlobals) = postSolution
		SolutionGuid = {ED8DDDD0-539C-4D63-B375-91E16EC283E0}
	EndGlobalSection
EndGlobal
